
Microsoft Visual Studio Solution File, Format Version 12.00
# Visual Studio Version 17
VisualStudioVersion = 17.13.35828.75 d17.13
MinimumVisualStudioVersion = 10.0.40219.1
Project("{FAE04EC0-301F-11D3-BF4B-00C04F79EFBC}") = "ClassesImportantes", "ClassesImportantes\ClassesImportantes.csproj", "{E975AA1F-A4C2-434D-AE31-26BC9504840F}"
EndProject
Global
	GlobalSection(SolutionConfigurationPlatforms) = preSolution
		Debug|Any CPU = Debug|Any CPU
		Release|Any CPU = Release|Any CPU
	EndGlobalSection
	GlobalSection(ProjectConfigurationPlatforms) = postSolution
		{E975AA1F-A4C2-434D-AE31-26BC9504840F}.Debug|Any CPU.ActiveCfg = Debug|Any CPU
		{E975AA1F-A4C2-434D-AE31-26BC9504840F}.Debug|Any CPU.Build.0 = Debug|Any CPU
		{E975AA1F-A4C2-434D-AE31-26BC9504840F}.Release|Any CPU.ActiveCfg = Release|Any CPU
		{E975AA1F-A4C2-434D-AE31-26BC9504840F}.Release|Any CPU.Build.0 = Release|Any CPU
	EndGlobalSection
	GlobalSection(SolutionProperties) = preSolution
		HideSolutionNode = FALSE
	EndGlobalSection
	GlobalSection(ExtensibilityGlobals) = postSolution
		SolutionGuid = {6E1E87C8-3CCB-499C-BC9A-64FD93753683}
	EndGlobalSection
EndGlobal
