
Microsoft Visual Studio Solution File, Format Version 12.00
# Visual Studio Version 17
VisualStudioVersion = 17.13.35828.75 d17.13
MinimumVisualStudioVersion = 10.0.40219.1
Project("{FAE04EC0-301F-11D3-BF4B-00C04F79EFBC}") = "SistemaPontoEletronico", "SistemaPontoEletronico\SistemaPontoEletronico.csproj", "{4E462CC6-D3AA-4BD5-84D8-6495F6FE86AF}"
EndProject
Global
	GlobalSection(SolutionConfigurationPlatforms) = preSolution
		Debug|Any CPU = Debug|Any CPU
		Release|Any CPU = Release|Any CPU
	EndGlobalSection
	GlobalSection(ProjectConfigurationPlatforms) = postSolution
		{4E462CC6-D3AA-4BD5-84D8-6495F6FE86AF}.Debug|Any CPU.ActiveCfg = Debug|Any CPU
		{4E462CC6-D3AA-4BD5-84D8-6495F6FE86AF}.Debug|Any CPU.Build.0 = Debug|Any CPU
		{4E462CC6-D3AA-4BD5-84D8-6495F6FE86AF}.Release|Any CPU.ActiveCfg = Release|Any CPU
		{4E462CC6-D3AA-4BD5-84D8-6495F6FE86AF}.Release|Any CPU.Build.0 = Release|Any CPU
	EndGlobalSection
	GlobalSection(SolutionProperties) = preSolution
		HideSolutionNode = FALSE
	EndGlobalSection
	GlobalSection(ExtensibilityGlobals) = postSolution
		SolutionGuid = {AAB2C85C-5078-4FB7-BD4A-A77E39DFC841}
	EndGlobalSection
EndGlobal
